
Microsoft Visual Studio Solution File, Format Version 12.00
# Visual Studio Version 16
VisualStudioVersion = 16.0.30114.105
MinimumVisualStudioVersion = 10.0.40219.1
Project("{FAE04EC0-301F-11D3-BF4B-00C04F79EFBC}") = "Services", "Services\Services.csproj", "{D0D3B47E-6855-49F6-AEB4-1BC14D6140B6}"
EndProject
Project("{9A19103F-16F7-4668-BE54-9A1E7A4F7556}") = "Data", "Data\Data.csproj", "{E6A0D669-2EF1-4058-8FD0-0A00067BE496}"
EndProject
Project("{FAE04EC0-301F-11D3-BF4B-00C04F79EFBC}") = "Contexts", "Contexts\Contexts.csproj", "{40708769-9B76-43BF-8E80-7952655E8CE9}"
EndProject
Project("{FAE04EC0-301F-11D3-BF4B-00C04F79EFBC}") = "AutofacDev", "AutofacDev\AutofacDev.csproj", "{34441484-BBD2-400A-89C5-6B2543BFADE4}"
EndProject
Global
	GlobalSection(SolutionConfigurationPlatforms) = preSolution
		Debug|Any CPU = Debug|Any CPU
		Release|Any CPU = Release|Any CPU
	EndGlobalSection
	GlobalSection(ProjectConfigurationPlatforms) = postSolution
		{D0D3B47E-6855-49F6-AEB4-1BC14D6140B6}.Debug|Any CPU.ActiveCfg = Debug|Any CPU
		{D0D3B47E-6855-49F6-AEB4-1BC14D6140B6}.Debug|Any CPU.Build.0 = Debug|Any CPU
		{D0D3B47E-6855-49F6-AEB4-1BC14D6140B6}.Release|Any CPU.ActiveCfg = Release|Any CPU
		{D0D3B47E-6855-49F6-AEB4-1BC14D6140B6}.Release|Any CPU.Build.0 = Release|Any CPU
		{E6A0D669-2EF1-4058-8FD0-0A00067BE496}.Debug|Any CPU.ActiveCfg = Debug|Any CPU
		{E6A0D669-2EF1-4058-8FD0-0A00067BE496}.Debug|Any CPU.Build.0 = Debug|Any CPU
		{E6A0D669-2EF1-4058-8FD0-0A00067BE496}.Release|Any CPU.ActiveCfg = Release|Any CPU
		{E6A0D669-2EF1-4058-8FD0-0A00067BE496}.Release|Any CPU.Build.0 = Release|Any CPU
		{40708769-9B76-43BF-8E80-7952655E8CE9}.Debug|Any CPU.ActiveCfg = Debug|Any CPU
		{40708769-9B76-43BF-8E80-7952655E8CE9}.Debug|Any CPU.Build.0 = Debug|Any CPU
		{40708769-9B76-43BF-8E80-7952655E8CE9}.Release|Any CPU.ActiveCfg = Release|Any CPU
		{40708769-9B76-43BF-8E80-7952655E8CE9}.Release|Any CPU.Build.0 = Release|Any CPU
		{34441484-BBD2-400A-89C5-6B2543BFADE4}.Debug|Any CPU.ActiveCfg = Debug|Any CPU
		{34441484-BBD2-400A-89C5-6B2543BFADE4}.Debug|Any CPU.Build.0 = Debug|Any CPU
		{34441484-BBD2-400A-89C5-6B2543BFADE4}.Release|Any CPU.ActiveCfg = Release|Any CPU
		{34441484-BBD2-400A-89C5-6B2543BFADE4}.Release|Any CPU.Build.0 = Release|Any CPU
	EndGlobalSection
	GlobalSection(SolutionProperties) = preSolution
		HideSolutionNode = FALSE
	EndGlobalSection
	GlobalSection(ExtensibilityGlobals) = postSolution
		SolutionGuid = {81745C3F-D066-4F87-87A5-8780A3F589D2}
	EndGlobalSection
EndGlobal
